
Microsoft Visual Studio Solution File, Format Version 12.00
# Visual Studio Version 17
VisualStudioVersion = 17.14.36121.58
MinimumVisualStudioVersion = 10.0.40219.1
Project("{FAE04EC0-301F-11D3-BF4B-00C04F79EFBC}") = "uninstall-bypass", "uninstall-bypass\uninstall-bypass.csproj", "{764BBFEF-A1E6-42EA-A029-04C7D7F2F432}"
EndProject
Project("{FAE04EC0-301F-11D3-BF4B-00C04F79EFBC}") = "dll-revshell", "dll-revshell\dll-revshell.csproj", "{7B00D3FF-0987-463A-ABAC-96921E95E8DB}"
EndProject
Project("{FAE04EC0-301F-11D3-BF4B-00C04F79EFBC}") = "exec-revshell", "exec-revshell\exec-revshell.csproj", "{D697F374-F6AA-4956-B642-B71E0E1611D9}"
EndProject
Project("{FAE04EC0-301F-11D3-BF4B-00C04F79EFBC}") = "latexec", "latexec\latexec.csproj", "{6CAED50F-FCC6-4756-ADD0-26652065FF40}"
EndProject
Project("{FAE04EC0-301F-11D3-BF4B-00C04F79EFBC}") = "rdpthief", "rdpthief\rdpthief.csproj", "{B94976C5-80FF-4CF0-8DAE-ED5E147A97E5}"
EndProject
Project("{2150E333-8FDC-42A3-9474-1A3956D46DE8}") = "payloads", "payloads", "{02EA681E-C7D8-13C7-8484-4AC65E1B71E8}"
EndProject
Project("{2150E333-8FDC-42A3-9474-1A3956D46DE8}") = "tools", "tools", "{1C7D30C2-848F-4C96-A8E4-0DC493F012AF}"
EndProject
Project("{FAE04EC0-301F-11D3-BF4B-00C04F79EFBC}") = "sqlexec", "sqlexec\sqlexec.csproj", "{117DB500-FA8E-49D6-B8B5-7ECD318E2917}"
EndProject
Project("{FAE04EC0-301F-11D3-BF4B-00C04F79EFBC}") = "sqlexec-dll", "sqlexec-dll\sqlexec-dll.csproj", "{D223FE4E-80AE-4F60-A35C-ACC64C1E924F}"
EndProject
Project("{8BC9CEB8-8B4A-11D0-8D11-00A0C91BC942}") = "rdpthief-dll", "rdpthief-dll\RdpThief\RdpThief.vcxproj", "{BEBE6A01-0C03-4A7C-8FE9-9285F01C0B03}"
EndProject
Project("{FAE04EC0-301F-11D3-BF4B-00C04F79EFBC}") = "buildproject", "buildproject\buildproject.csproj", "{49CB09F8-DC0F-4E2C-8782-50073893D14B}"
EndProject
Project("{FAE04EC0-301F-11D3-BF4B-00C04F79EFBC}") = "js-revshell", "js-revshell\js-revshell.csproj", "{6AFAFB62-0F92-4191-ACA5-3ACB777072A0}"
EndProject
Project("{FAE04EC0-301F-11D3-BF4B-00C04F79EFBC}") = "uninstall-sql", "uninstall-sql\uninstall-sql.csproj", "{AE3748E1-0855-488D-ACE8-C17022DC7F04}"
EndProject
Project("{FAE04EC0-301F-11D3-BF4B-00C04F79EFBC}") = "uninstall-manual", "uninstall-manual\uninstall-manual.csproj", "{D7905F77-5A18-4CE1-B908-47B8F11058CB}"
EndProject
Global
	GlobalSection(SolutionConfigurationPlatforms) = preSolution
		Debug|Any CPU = Debug|Any CPU
		Debug|x64 = Debug|x64
		Debug|x86 = Debug|x86
		Release|Any CPU = Release|Any CPU
		Release|x64 = Release|x64
		Release|x86 = Release|x86
	EndGlobalSection
	GlobalSection(ProjectConfigurationPlatforms) = postSolution
		{764BBFEF-A1E6-42EA-A029-04C7D7F2F432}.Debug|Any CPU.ActiveCfg = Debug|x64
		{764BBFEF-A1E6-42EA-A029-04C7D7F2F432}.Debug|Any CPU.Build.0 = Debug|x64
		{764BBFEF-A1E6-42EA-A029-04C7D7F2F432}.Debug|x64.ActiveCfg = Debug|x64
		{764BBFEF-A1E6-42EA-A029-04C7D7F2F432}.Debug|x64.Build.0 = Debug|x64
		{764BBFEF-A1E6-42EA-A029-04C7D7F2F432}.Debug|x86.ActiveCfg = Debug|Any CPU
		{764BBFEF-A1E6-42EA-A029-04C7D7F2F432}.Debug|x86.Build.0 = Debug|Any CPU
		{764BBFEF-A1E6-42EA-A029-04C7D7F2F432}.Release|Any CPU.ActiveCfg = Release|Any CPU
		{764BBFEF-A1E6-42EA-A029-04C7D7F2F432}.Release|Any CPU.Build.0 = Release|Any CPU
		{764BBFEF-A1E6-42EA-A029-04C7D7F2F432}.Release|x64.ActiveCfg = Release|x64
		{764BBFEF-A1E6-42EA-A029-04C7D7F2F432}.Release|x64.Build.0 = Release|x64
		{764BBFEF-A1E6-42EA-A029-04C7D7F2F432}.Release|x86.ActiveCfg = Release|Any CPU
		{764BBFEF-A1E6-42EA-A029-04C7D7F2F432}.Release|x86.Build.0 = Release|Any CPU
		{7B00D3FF-0987-463A-ABAC-96921E95E8DB}.Debug|Any CPU.ActiveCfg = Debug|x64
		{7B00D3FF-0987-463A-ABAC-96921E95E8DB}.Debug|Any CPU.Build.0 = Debug|x64
		{7B00D3FF-0987-463A-ABAC-96921E95E8DB}.Debug|x64.ActiveCfg = Debug|Any CPU
		{7B00D3FF-0987-463A-ABAC-96921E95E8DB}.Debug|x64.Build.0 = Debug|Any CPU
		{7B00D3FF-0987-463A-ABAC-96921E95E8DB}.Debug|x86.ActiveCfg = Debug|Any CPU
		{7B00D3FF-0987-463A-ABAC-96921E95E8DB}.Debug|x86.Build.0 = Debug|Any CPU
		{7B00D3FF-0987-463A-ABAC-96921E95E8DB}.Release|Any CPU.ActiveCfg = Release|Any CPU
		{7B00D3FF-0987-463A-ABAC-96921E95E8DB}.Release|Any CPU.Build.0 = Release|Any CPU
		{7B00D3FF-0987-463A-ABAC-96921E95E8DB}.Release|x64.ActiveCfg = Release|x64
		{7B00D3FF-0987-463A-ABAC-96921E95E8DB}.Release|x64.Build.0 = Release|x64
		{7B00D3FF-0987-463A-ABAC-96921E95E8DB}.Release|x86.ActiveCfg = Release|Any CPU
		{7B00D3FF-0987-463A-ABAC-96921E95E8DB}.Release|x86.Build.0 = Release|Any CPU
		{D697F374-F6AA-4956-B642-B71E0E1611D9}.Debug|Any CPU.ActiveCfg = Debug|x64
		{D697F374-F6AA-4956-B642-B71E0E1611D9}.Debug|Any CPU.Build.0 = Debug|x64
		{D697F374-F6AA-4956-B642-B71E0E1611D9}.Debug|x64.ActiveCfg = Debug|Any CPU
		{D697F374-F6AA-4956-B642-B71E0E1611D9}.Debug|x64.Build.0 = Debug|Any CPU
		{D697F374-F6AA-4956-B642-B71E0E1611D9}.Debug|x86.ActiveCfg = Debug|Any CPU
		{D697F374-F6AA-4956-B642-B71E0E1611D9}.Debug|x86.Build.0 = Debug|Any CPU
		{D697F374-F6AA-4956-B642-B71E0E1611D9}.Release|Any CPU.ActiveCfg = Release|Any CPU
		{D697F374-F6AA-4956-B642-B71E0E1611D9}.Release|Any CPU.Build.0 = Release|Any CPU
		{D697F374-F6AA-4956-B642-B71E0E1611D9}.Release|x64.ActiveCfg = Release|x64
		{D697F374-F6AA-4956-B642-B71E0E1611D9}.Release|x64.Build.0 = Release|x64
		{D697F374-F6AA-4956-B642-B71E0E1611D9}.Release|x86.ActiveCfg = Release|Any CPU
		{D697F374-F6AA-4956-B642-B71E0E1611D9}.Release|x86.Build.0 = Release|Any CPU
		{6CAED50F-FCC6-4756-ADD0-26652065FF40}.Debug|Any CPU.ActiveCfg = Debug|Any CPU
		{6CAED50F-FCC6-4756-ADD0-26652065FF40}.Debug|Any CPU.Build.0 = Debug|Any CPU
		{6CAED50F-FCC6-4756-ADD0-26652065FF40}.Debug|x64.ActiveCfg = Debug|Any CPU
		{6CAED50F-FCC6-4756-ADD0-26652065FF40}.Debug|x64.Build.0 = Debug|Any CPU
		{6CAED50F-FCC6-4756-ADD0-26652065FF40}.Debug|x86.ActiveCfg = Debug|Any CPU
		{6CAED50F-FCC6-4756-ADD0-26652065FF40}.Debug|x86.Build.0 = Debug|Any CPU
		{6CAED50F-FCC6-4756-ADD0-26652065FF40}.Release|Any CPU.ActiveCfg = Release|Any CPU
		{6CAED50F-FCC6-4756-ADD0-26652065FF40}.Release|Any CPU.Build.0 = Release|Any CPU
		{6CAED50F-FCC6-4756-ADD0-26652065FF40}.Release|x64.ActiveCfg = Release|x64
		{6CAED50F-FCC6-4756-ADD0-26652065FF40}.Release|x64.Build.0 = Release|x64
		{6CAED50F-FCC6-4756-ADD0-26652065FF40}.Release|x86.ActiveCfg = Release|Any CPU
		{6CAED50F-FCC6-4756-ADD0-26652065FF40}.Release|x86.Build.0 = Release|Any CPU
		{B94976C5-80FF-4CF0-8DAE-ED5E147A97E5}.Debug|Any CPU.ActiveCfg = Debug|Any CPU
		{B94976C5-80FF-4CF0-8DAE-ED5E147A97E5}.Debug|Any CPU.Build.0 = Debug|Any CPU
		{B94976C5-80FF-4CF0-8DAE-ED5E147A97E5}.Debug|x64.ActiveCfg = Debug|Any CPU
		{B94976C5-80FF-4CF0-8DAE-ED5E147A97E5}.Debug|x64.Build.0 = Debug|Any CPU
		{B94976C5-80FF-4CF0-8DAE-ED5E147A97E5}.Debug|x86.ActiveCfg = Debug|Any CPU
		{B94976C5-80FF-4CF0-8DAE-ED5E147A97E5}.Debug|x86.Build.0 = Debug|Any CPU
		{B94976C5-80FF-4CF0-8DAE-ED5E147A97E5}.Release|Any CPU.ActiveCfg = Release|Any CPU
		{B94976C5-80FF-4CF0-8DAE-ED5E147A97E5}.Release|Any CPU.Build.0 = Release|Any CPU
		{B94976C5-80FF-4CF0-8DAE-ED5E147A97E5}.Release|x64.ActiveCfg = Release|x64
		{B94976C5-80FF-4CF0-8DAE-ED5E147A97E5}.Release|x64.Build.0 = Release|x64
		{B94976C5-80FF-4CF0-8DAE-ED5E147A97E5}.Release|x86.ActiveCfg = Release|Any CPU
		{B94976C5-80FF-4CF0-8DAE-ED5E147A97E5}.Release|x86.Build.0 = Release|Any CPU
		{117DB500-FA8E-49D6-B8B5-7ECD318E2917}.Debug|Any CPU.ActiveCfg = Debug|Any CPU
		{117DB500-FA8E-49D6-B8B5-7ECD318E2917}.Debug|Any CPU.Build.0 = Debug|Any CPU
		{117DB500-FA8E-49D6-B8B5-7ECD318E2917}.Debug|x64.ActiveCfg = Debug|Any CPU
		{117DB500-FA8E-49D6-B8B5-7ECD318E2917}.Debug|x64.Build.0 = Debug|Any CPU
		{117DB500-FA8E-49D6-B8B5-7ECD318E2917}.Debug|x86.ActiveCfg = Debug|Any CPU
		{117DB500-FA8E-49D6-B8B5-7ECD318E2917}.Debug|x86.Build.0 = Debug|Any CPU
		{117DB500-FA8E-49D6-B8B5-7ECD318E2917}.Release|Any CPU.ActiveCfg = Release|Any CPU
		{117DB500-FA8E-49D6-B8B5-7ECD318E2917}.Release|Any CPU.Build.0 = Release|Any CPU
		{117DB500-FA8E-49D6-B8B5-7ECD318E2917}.Release|x64.ActiveCfg = Release|x64
		{117DB500-FA8E-49D6-B8B5-7ECD318E2917}.Release|x64.Build.0 = Release|x64
		{117DB500-FA8E-49D6-B8B5-7ECD318E2917}.Release|x86.ActiveCfg = Release|Any CPU
		{117DB500-FA8E-49D6-B8B5-7ECD318E2917}.Release|x86.Build.0 = Release|Any CPU
		{D223FE4E-80AE-4F60-A35C-ACC64C1E924F}.Debug|Any CPU.ActiveCfg = Debug|Any CPU
		{D223FE4E-80AE-4F60-A35C-ACC64C1E924F}.Debug|Any CPU.Build.0 = Debug|Any CPU
		{D223FE4E-80AE-4F60-A35C-ACC64C1E924F}.Debug|x64.ActiveCfg = Debug|Any CPU
		{D223FE4E-80AE-4F60-A35C-ACC64C1E924F}.Debug|x64.Build.0 = Debug|Any CPU
		{D223FE4E-80AE-4F60-A35C-ACC64C1E924F}.Debug|x86.ActiveCfg = Debug|Any CPU
		{D223FE4E-80AE-4F60-A35C-ACC64C1E924F}.Debug|x86.Build.0 = Debug|Any CPU
		{D223FE4E-80AE-4F60-A35C-ACC64C1E924F}.Release|Any CPU.ActiveCfg = Release|Any CPU
		{D223FE4E-80AE-4F60-A35C-ACC64C1E924F}.Release|Any CPU.Build.0 = Release|Any CPU
		{D223FE4E-80AE-4F60-A35C-ACC64C1E924F}.Release|x64.ActiveCfg = Release|x64
		{D223FE4E-80AE-4F60-A35C-ACC64C1E924F}.Release|x64.Build.0 = Release|x64
		{D223FE4E-80AE-4F60-A35C-ACC64C1E924F}.Release|x86.ActiveCfg = Release|Any CPU
		{D223FE4E-80AE-4F60-A35C-ACC64C1E924F}.Release|x86.Build.0 = Release|Any CPU
		{BEBE6A01-0C03-4A7C-8FE9-9285F01C0B03}.Debug|Any CPU.ActiveCfg = Debug|x64
		{BEBE6A01-0C03-4A7C-8FE9-9285F01C0B03}.Debug|Any CPU.Build.0 = Debug|x64
		{BEBE6A01-0C03-4A7C-8FE9-9285F01C0B03}.Debug|x64.ActiveCfg = Debug|x64
		{BEBE6A01-0C03-4A7C-8FE9-9285F01C0B03}.Debug|x64.Build.0 = Debug|x64
		{BEBE6A01-0C03-4A7C-8FE9-9285F01C0B03}.Debug|x86.ActiveCfg = Debug|Win32
		{BEBE6A01-0C03-4A7C-8FE9-9285F01C0B03}.Debug|x86.Build.0 = Debug|Win32
		{BEBE6A01-0C03-4A7C-8FE9-9285F01C0B03}.Release|Any CPU.ActiveCfg = Release|x64
		{BEBE6A01-0C03-4A7C-8FE9-9285F01C0B03}.Release|Any CPU.Build.0 = Release|x64
		{BEBE6A01-0C03-4A7C-8FE9-9285F01C0B03}.Release|x64.ActiveCfg = Release|x64
		{BEBE6A01-0C03-4A7C-8FE9-9285F01C0B03}.Release|x64.Build.0 = Release|x64
		{BEBE6A01-0C03-4A7C-8FE9-9285F01C0B03}.Release|x86.ActiveCfg = Release|Win32
		{BEBE6A01-0C03-4A7C-8FE9-9285F01C0B03}.Release|x86.Build.0 = Release|Win32
		{49CB09F8-DC0F-4E2C-8782-50073893D14B}.Debug|Any CPU.ActiveCfg = Debug|Any CPU
		{49CB09F8-DC0F-4E2C-8782-50073893D14B}.Debug|Any CPU.Build.0 = Debug|Any CPU
		{49CB09F8-DC0F-4E2C-8782-50073893D14B}.Debug|x64.ActiveCfg = Debug|Any CPU
		{49CB09F8-DC0F-4E2C-8782-50073893D14B}.Debug|x64.Build.0 = Debug|Any CPU
		{49CB09F8-DC0F-4E2C-8782-50073893D14B}.Debug|x86.ActiveCfg = Debug|Any CPU
		{49CB09F8-DC0F-4E2C-8782-50073893D14B}.Debug|x86.Build.0 = Debug|Any CPU
		{49CB09F8-DC0F-4E2C-8782-50073893D14B}.Release|Any CPU.ActiveCfg = Release|Any CPU
		{49CB09F8-DC0F-4E2C-8782-50073893D14B}.Release|Any CPU.Build.0 = Release|Any CPU
		{49CB09F8-DC0F-4E2C-8782-50073893D14B}.Release|x64.ActiveCfg = Release|x64
		{49CB09F8-DC0F-4E2C-8782-50073893D14B}.Release|x64.Build.0 = Release|x64
		{49CB09F8-DC0F-4E2C-8782-50073893D14B}.Release|x86.ActiveCfg = Release|Any CPU
		{49CB09F8-DC0F-4E2C-8782-50073893D14B}.Release|x86.Build.0 = Release|Any CPU
		{6AFAFB62-0F92-4191-ACA5-3ACB777072A0}.Debug|Any CPU.ActiveCfg = Debug|Any CPU
		{6AFAFB62-0F92-4191-ACA5-3ACB777072A0}.Debug|Any CPU.Build.0 = Debug|Any CPU
		{6AFAFB62-0F92-4191-ACA5-3ACB777072A0}.Debug|x64.ActiveCfg = Debug|Any CPU
		{6AFAFB62-0F92-4191-ACA5-3ACB777072A0}.Debug|x64.Build.0 = Debug|Any CPU
		{6AFAFB62-0F92-4191-ACA5-3ACB777072A0}.Debug|x86.ActiveCfg = Debug|Any CPU
		{6AFAFB62-0F92-4191-ACA5-3ACB777072A0}.Debug|x86.Build.0 = Debug|Any CPU
		{6AFAFB62-0F92-4191-ACA5-3ACB777072A0}.Release|Any CPU.ActiveCfg = Release|Any CPU
		{6AFAFB62-0F92-4191-ACA5-3ACB777072A0}.Release|Any CPU.Build.0 = Release|Any CPU
		{6AFAFB62-0F92-4191-ACA5-3ACB777072A0}.Release|x64.ActiveCfg = Release|x64
		{6AFAFB62-0F92-4191-ACA5-3ACB777072A0}.Release|x64.Build.0 = Release|x64
		{6AFAFB62-0F92-4191-ACA5-3ACB777072A0}.Release|x86.ActiveCfg = Release|Any CPU
		{6AFAFB62-0F92-4191-ACA5-3ACB777072A0}.Release|x86.Build.0 = Release|Any CPU
		{AE3748E1-0855-488D-ACE8-C17022DC7F04}.Debug|Any CPU.ActiveCfg = Debug|Any CPU
		{AE3748E1-0855-488D-ACE8-C17022DC7F04}.Debug|Any CPU.Build.0 = Debug|Any CPU
		{AE3748E1-0855-488D-ACE8-C17022DC7F04}.Debug|x64.ActiveCfg = Debug|Any CPU
		{AE3748E1-0855-488D-ACE8-C17022DC7F04}.Debug|x64.Build.0 = Debug|Any CPU
		{AE3748E1-0855-488D-ACE8-C17022DC7F04}.Debug|x86.ActiveCfg = Debug|Any CPU
		{AE3748E1-0855-488D-ACE8-C17022DC7F04}.Debug|x86.Build.0 = Debug|Any CPU
		{AE3748E1-0855-488D-ACE8-C17022DC7F04}.Release|Any CPU.ActiveCfg = Release|Any CPU
		{AE3748E1-0855-488D-ACE8-C17022DC7F04}.Release|Any CPU.Build.0 = Release|Any CPU
		{AE3748E1-0855-488D-ACE8-C17022DC7F04}.Release|x64.ActiveCfg = Release|x64
		{AE3748E1-0855-488D-ACE8-C17022DC7F04}.Release|x64.Build.0 = Release|x64
		{AE3748E1-0855-488D-ACE8-C17022DC7F04}.Release|x86.ActiveCfg = Release|Any CPU
		{AE3748E1-0855-488D-ACE8-C17022DC7F04}.Release|x86.Build.0 = Release|Any CPU
		{D7905F77-5A18-4CE1-B908-47B8F11058CB}.Debug|Any CPU.ActiveCfg = Debug|Any CPU
		{D7905F77-5A18-4CE1-B908-47B8F11058CB}.Debug|Any CPU.Build.0 = Debug|Any CPU
		{D7905F77-5A18-4CE1-B908-47B8F11058CB}.Debug|x64.ActiveCfg = Debug|x64
		{D7905F77-5A18-4CE1-B908-47B8F11058CB}.Debug|x64.Build.0 = Debug|x64
		{D7905F77-5A18-4CE1-B908-47B8F11058CB}.Debug|x86.ActiveCfg = Debug|Any CPU
		{D7905F77-5A18-4CE1-B908-47B8F11058CB}.Debug|x86.Build.0 = Debug|Any CPU
		{D7905F77-5A18-4CE1-B908-47B8F11058CB}.Release|Any CPU.ActiveCfg = Release|Any CPU
		{D7905F77-5A18-4CE1-B908-47B8F11058CB}.Release|Any CPU.Build.0 = Release|Any CPU
		{D7905F77-5A18-4CE1-B908-47B8F11058CB}.Release|x64.ActiveCfg = Release|x64
		{D7905F77-5A18-4CE1-B908-47B8F11058CB}.Release|x64.Build.0 = Release|x64
		{D7905F77-5A18-4CE1-B908-47B8F11058CB}.Release|x86.ActiveCfg = Release|Any CPU
		{D7905F77-5A18-4CE1-B908-47B8F11058CB}.Release|x86.Build.0 = Release|Any CPU
	EndGlobalSection
	GlobalSection(SolutionProperties) = preSolution
		HideSolutionNode = FALSE
	EndGlobalSection
	GlobalSection(NestedProjects) = preSolution
		{764BBFEF-A1E6-42EA-A029-04C7D7F2F432} = {1C7D30C2-848F-4C96-A8E4-0DC493F012AF}
		{7B00D3FF-0987-463A-ABAC-96921E95E8DB} = {02EA681E-C7D8-13C7-8484-4AC65E1B71E8}
		{D697F374-F6AA-4956-B642-B71E0E1611D9} = {02EA681E-C7D8-13C7-8484-4AC65E1B71E8}
		{6CAED50F-FCC6-4756-ADD0-26652065FF40} = {1C7D30C2-848F-4C96-A8E4-0DC493F012AF}
		{B94976C5-80FF-4CF0-8DAE-ED5E147A97E5} = {1C7D30C2-848F-4C96-A8E4-0DC493F012AF}
		{117DB500-FA8E-49D6-B8B5-7ECD318E2917} = {1C7D30C2-848F-4C96-A8E4-0DC493F012AF}
		{D223FE4E-80AE-4F60-A35C-ACC64C1E924F} = {02EA681E-C7D8-13C7-8484-4AC65E1B71E8}
		{BEBE6A01-0C03-4A7C-8FE9-9285F01C0B03} = {02EA681E-C7D8-13C7-8484-4AC65E1B71E8}
		{49CB09F8-DC0F-4E2C-8782-50073893D14B} = {1C7D30C2-848F-4C96-A8E4-0DC493F012AF}
		{6AFAFB62-0F92-4191-ACA5-3ACB777072A0} = {02EA681E-C7D8-13C7-8484-4AC65E1B71E8}
		{AE3748E1-0855-488D-ACE8-C17022DC7F04} = {1C7D30C2-848F-4C96-A8E4-0DC493F012AF}
		{D7905F77-5A18-4CE1-B908-47B8F11058CB} = {1C7D30C2-848F-4C96-A8E4-0DC493F012AF}
	EndGlobalSection
	GlobalSection(ExtensibilityGlobals) = postSolution
		SolutionGuid = {25E09F9F-42A8-48FA-A714-92E996615280}
	EndGlobalSection
EndGlobal
